schema: '2.0'
stages:
  train:
    cmd: python3 src/train.py
    deps:
    - path: src/train.py
      md5: fcd1ab801bb61cb7168029be31d018cc
      size: 2027
    params:
      src/params.py:
        EnvConfig:
          num_opponents: 5
        TrainConfig:
          num_training_episodes: 4000
          mlp_layer_count: 2
          mlp_layer_size: 64
          seed: 42
    outs:
    - path: outputs/model.pkl
      md5: 19fa27c3bda0987d7159a3fb656ab168
      size: 6422281
    - path: outputs/train_rewards.json
      md5: 980ac1b0f3e58821bbbd029a509098b4
      size: 697
  eval:
    cmd: python3 src/eval.py
    deps:
    - path: outputs/model.pkl
      md5: 19fa27c3bda0987d7159a3fb656ab168
      size: 6422281
    - path: src/eval.py
      md5: 9807e0ceb001fe7fc5779ab2b9f7d43c
      size: 4154
    params:
      src/params.py:
        EnvConfig:
          num_opponents: 5
        EvalConfig:
          opponent_types:
          - random
          - rule
          - mixed
          num_games: 1000
          num_saved_losses: 5
          seed: 42
    outs:
    - path: outputs/losses_info.txt
      md5: b1f290ec4b359ff9ba44e9336bb8ff33
      size: 6539
    - path: outputs/metrics.json
      md5: 3fd2b2c13b80c4c2fdbc9d47e4b29e42
      size: 95
