schema: '2.0'
stages:
  train:
    cmd: python3 src/train.py
    deps:
    - path: src/train.py
      md5: fcd1ab801bb61cb7168029be31d018cc
      size: 2027
    params:
      src/params.py:
        EnvConfig:
          num_opponents: 5
        TrainConfig:
          num_training_episodes: 40000
          mlp_layer_count: 2
          mlp_layer_size: 64
          seed: 42
    outs:
    - path: outputs/model.pkl
      md5: 19148914aeac56a2e7d9d5ba46dcb921
      size: 11549497
    - path: outputs/train_rewards.json
      md5: c248a6f84e50df8a496f9645e082a899
      size: 7007
  eval:
    cmd: python3 src/eval.py
    deps:
    - path: outputs/model.pkl
      md5: 19148914aeac56a2e7d9d5ba46dcb921
      size: 11549497
    - path: src/eval.py
      md5: 9807e0ceb001fe7fc5779ab2b9f7d43c
      size: 4154
    params:
      src/params.py:
        EnvConfig:
          num_opponents: 5
        EvalConfig:
          opponent_types:
          - random
          - rule
          - mixed
          num_games: 1000
          num_saved_losses: 5
          seed: 42
    outs:
    - path: outputs/losses_info.txt
      md5: 54ca08dac52235588b0b17ac3ff5b39b
      size: 6722
    - path: outputs/metrics.json
      md5: 797114164e0e2f55a84a9cb864e6f5d2
      size: 95
