schema: '2.0'
stages:
  train:
    cmd: python src/train.py
    deps:
    - path: src/train.py
      md5: 82e25bf39346e2fbacef899cb14fbb88
      size: 1866
    params:
      src/params.py:
        TrainConfig:
          num_training_episodes: 50000
          seed: 0
    outs:
    - path: outputs/model.pkl
      md5: ef51c1907a1e68396c73e747d9bd02a5
      size: 10021239
    - path: outputs/train_rewards.json
      md5: 65aead3ae892ff9263ccd1c073345c2e
      size: 8877
  eval:
    cmd: python src/eval.py
    deps:
    - path: outputs/model.pkl
      md5: ef51c1907a1e68396c73e747d9bd02a5
      size: 10021239
    - path: src/eval.py
      md5: 5bc66e631325f04c0291c85e42186f95
      size: 1126
    outs:
    - path: outputs/metrics.json
      md5: ae2291323272ac20a732d9114aa57cff
      size: 38
